{
  "name": "ShoppingCart",
  "version": "1.0.0",
  "lockfileVersion": 1,
  "requires": true,
  "dependencies": {
    "@openui5/sap.m": {
      "version": "1.58.3",
      "resolved": "https://registry.npmjs.org/@openui5/sap.m/-/sap.m-1.58.3.tgz",
      "integrity": "sha512-Ni0mChfvbumG64yACzulnyy9/Rchc07UI1ttHAwvOACG3EvX9ToFkpmfQi+8tQuRFu5OKQDmqI5L7re+/X+xvQ==",
      "requires": {
        "@openui5/sap.ui.core": "1.58.3",
        "@openui5/sap.ui.unified": "1.58.3"
      }
    },
    "@openui5/sap.ui.commons": {
      "version": "1.58.3",
      "resolved": "https://registry.npmjs.org/@openui5/sap.ui.commons/-/sap.ui.commons-1.58.3.tgz",
      "integrity": "sha512-7bo0W/pXoX16GqpvnkTvvW2ZH+LPmBTgGL1GzKrmtFYi9weM06QSZyADigWfzuyAMj/XEKH8JQzB9lXDuCdBTg==",
      "requires": {
        "@openui5/sap.ui.core": "1.58.3",
        "@openui5/sap.ui.layout": "1.58.3",
        "@openui5/sap.ui.unified": "1.58.3"
      }
    },
    "@openui5/sap.ui.core": {
      "version": "1.58.3",
      "resolved": "https://registry.npmjs.org/@openui5/sap.ui.core/-/sap.ui.core-1.58.3.tgz",
      "integrity": "sha512-3/LAD4tfbF00kMzuOYISnGeqgveq+C1c62jx4v9hTTq+mVwwK1ZS2MtKnBat17AUPlSQorbU573RhWH2yIaUQA=="
    },
    "@openui5/sap.ui.demokit": {
      "version": "1.58.3",
      "resolved": "https://registry.npmjs.org/@openui5/sap.ui.demokit/-/sap.ui.demokit-1.58.3.tgz",
      "integrity": "sha512-HNyLZZLqTzeSil4InorLt7fsWqGN4xgkzzkjZmLd/91CcmNGNkYQl/pDp6WcaI9lYb60eDdyzAumAfW+fue6Qw==",
      "requires": {
        "@openui5/sap.ui.commons": "1.58.3",
        "@openui5/sap.ui.core": "1.58.3",
        "@openui5/themelib_sap_belize": "1.58.3",
        "@openui5/themelib_sap_bluecrystal": "1.58.3"
      }
    },
    "@openui5/sap.ui.layout": {
      "version": "1.58.3",
      "resolved": "https://registry.npmjs.org/@openui5/sap.ui.layout/-/sap.ui.layout-1.58.3.tgz",
      "integrity": "sha512-Dz/cFcAioxo7sBTd5zjMfCZun7gm9AwTQj8R7OiB2Uu+3vol7Adp9JwBP5HB43U2ysnVyr8djd6sNewtqzpn8A==",
      "requires": {
        "@openui5/sap.ui.core": "1.58.3"
      }
    },
    "@openui5/sap.ui.unified": {
      "version": "1.58.3",
      "resolved": "https://registry.npmjs.org/@openui5/sap.ui.unified/-/sap.ui.unified-1.58.3.tgz",
      "integrity": "sha512-sX1rSf7egKMqdSiJAeCM7SxpJZw6TG4sjbeWlTA5/PLkofYb7FyThvqG/glq7qLzdSvZsghtnFxQXfTZVBCDDw==",
      "requires": {
        "@openui5/sap.ui.core": "1.58.3"
      }
    },
    "@openui5/themelib_sap_belize": {
      "version": "1.58.3",
      "resolved": "https://registry.npmjs.org/@openui5/themelib_sap_belize/-/themelib_sap_belize-1.58.3.tgz",
      "integrity": "sha512-fnZBi23+brAM+n9c9GsuHIihLk4FX8p6d3PHoKN0iz0cxryznspIDu+KAdBes5QodxX3TO7ELT4CHSshki+rdQ=="
    },
    "@openui5/themelib_sap_bluecrystal": {
      "version": "1.58.3",
      "resolved": "https://registry.npmjs.org/@openui5/themelib_sap_bluecrystal/-/themelib_sap_bluecrystal-1.58.3.tgz",
      "integrity": "sha512-2zcuSZRd2YltBbbpIHWYzLf1KYV1s9ScLYWCns0p9sTiEEycvajdrs0jtTTvOshkzXqMYizpZa2ELuJAIa5Ijw=="
    }
  }
}
